# This file is automatically @generated by Cargo.
# It is not intended for manual editing.
version = 4

[[package]]
name = "spg-audit"
version = "1.0.0"
dependencies = [
 "spg-crypto",
]

[[package]]
name = "spg-cli"
version = "1.0.0"
dependencies = [
 "spg-storage",
 "spg-wire",
]

[[package]]
name = "spg-crypto"
version = "1.0.0"

[[package]]
name = "spg-engine"
version = "1.0.0"
dependencies = [
 "spg-sql",
 "spg-storage",
]

[[package]]
name = "spg-server"
version = "1.0.0"
dependencies = [
 "spg-audit",
 "spg-engine",
 "spg-storage",
 "spg-wire",
]

[[package]]
name = "spg-sql"
version = "1.0.0"

[[package]]
name = "spg-storage"
version = "1.0.0"

[[package]]
name = "spg-wire"
version = "1.0.0"

[[package]]
name = "sqllogictest"
version = "1.0.0"
dependencies = [
 "spg-engine",
 "spg-storage",
]
